
Microsoft Visual Studio Solution File, Format Version 12.00
# Visual Studio 14
VisualStudioVersion = 14.0.25420.1
MinimumVisualStudioVersion = 10.0.40219.1
Project("{FAE04EC0-301F-11D3-BF4B-00C04F79EFBC}") = "ProcessManager", "WindowsFormsApplication1\ProcessManager.csproj", "{67226FBD-80B5-4FC3-ABEE-0AB85477E377}"
EndProject
Project("{FAE04EC0-301F-11D3-BF4B-00C04F79EFBC}") = "CostlyKillingDaemon", "ConsoleApplication1\CostlyKillingDaemon.csproj", "{7BEFF47E-B0D6-4143-9126-C9DB80B7C1E4}"
EndProject
Project("{2150E333-8FDC-42A3-9474-1A3956D46DE8}") = "lib", "lib", "{B5B4A0D9-2BF4-4EC3-BD66-C525B8A18CCE}"
	ProjectSection(SolutionItems) = preProject
		WindowsFormsApplication1\Analyzer.cs = WindowsFormsApplication1\Analyzer.cs
		WindowsFormsApplication1\Logger.cs = WindowsFormsApplication1\Logger.cs
		WindowsFormsApplication1\manager.cs = WindowsFormsApplication1\manager.cs
	EndProjectSection
EndProject
Global
	GlobalSection(SolutionConfigurationPlatforms) = preSolution
		Debug|Any CPU = Debug|Any CPU
		Release|Any CPU = Release|Any CPU
	EndGlobalSection
	GlobalSection(ProjectConfigurationPlatforms) = postSolution
		{67226FBD-80B5-4FC3-ABEE-0AB85477E377}.Debug|Any CPU.ActiveCfg = Debug|Any CPU
		{67226FBD-80B5-4FC3-ABEE-0AB85477E377}.Debug|Any CPU.Build.0 = Debug|Any CPU
		{67226FBD-80B5-4FC3-ABEE-0AB85477E377}.Release|Any CPU.ActiveCfg = Release|Any CPU
		{67226FBD-80B5-4FC3-ABEE-0AB85477E377}.Release|Any CPU.Build.0 = Release|Any CPU
		{7BEFF47E-B0D6-4143-9126-C9DB80B7C1E4}.Debug|Any CPU.ActiveCfg = Debug|Any CPU
		{7BEFF47E-B0D6-4143-9126-C9DB80B7C1E4}.Debug|Any CPU.Build.0 = Debug|Any CPU
		{7BEFF47E-B0D6-4143-9126-C9DB80B7C1E4}.Release|Any CPU.ActiveCfg = Release|Any CPU
		{7BEFF47E-B0D6-4143-9126-C9DB80B7C1E4}.Release|Any CPU.Build.0 = Release|Any CPU
	EndGlobalSection
	GlobalSection(SolutionProperties) = preSolution
		HideSolutionNode = FALSE
	EndGlobalSection
EndGlobal
